// !$*UTF8*$!
{
	archiveVersion = 1;
	classes = {
	};
	objectVersion = 56;
	objects = {

/* Begin PBXBuildFile section */
		8E2D767D2BE939BE00D40A5D /* TodoAppApp.swift in Sources */ = {isa = PBXBuildFile; fileRef = 8E2D767C2BE939BE00D40A5D /* TodoAppApp.swift */; };
		8E2D76812BE939BE00D40A5D /* Item.swift in Sources */ = {isa = PBXBuildFile; fileRef = 8E2D76802BE939BE00D40A5D /* Item.swift */; };
		8E2D76832BE939BF00D40A5D /* Assets.xcassets in Resources */ = {isa = PBXBuildFile; fileRef = 8E2D76822BE939BF00D40A5D /* Assets.xcassets */; };
		8E2D76862BE939BF00D40A5D /* Preview Assets.xcassets in Resources */ = {isa = PBXBuildFile; fileRef = 8E2D76852BE939BF00D40A5D /* Preview Assets.xcassets */; };
		8E2D76902BE939BF00D40A5D /* TodoAppTests.swift in Sources */ = {isa = PBXBuildFile; fileRef = 8E2D768F2BE939BF00D40A5D /* TodoAppTests.swift */; };
		8E2D769A2BE939BF00D40A5D /* TodoAppUITests.swift in Sources */ = {isa = PBXBuildFile; fileRef = 8E2D76992BE939BF00D40A5D /* TodoAppUITests.swift */; };
		8E2D769C2BE939BF00D40A5D /* TodoAppUITestsLaunchTests.swift in Sources */ = {isa = PBXBuildFile; fileRef = 8E2D769B2BE939BF00D40A5D /* TodoAppUITestsLaunchTests.swift */; };
		8E2D76A92BE9F11400D40A5D /* GoogleService-Info.plist in Resources */ = {isa = PBXBuildFile; fileRef = 8E2D76A82BE9F11400D40A5D /* GoogleService-Info.plist */; };
		8E2D76AD2BE9F3EC00D40A5D /* FirebaseAuth in Frameworks */ = {isa = PBXBuildFile; productRef = 8E2D76AC2BE9F3EC00D40A5D /* FirebaseAuth */; };
		8E2D76B02BE9F72000D40A5D /* MainView.swift in Sources */ = {isa = PBXBuildFile; fileRef = 8E2D76AF2BE9F72000D40A5D /* MainView.swift */; };
		8E2D76B22BE9F78400D40A5D /* AuthenScreen.swift in Sources */ = {isa = PBXBuildFile; fileRef = 8E2D76B12BE9F78400D40A5D /* AuthenScreen.swift */; };
		8E2D76B82BEA06E900D40A5D /* FirebaseService.swift in Sources */ = {isa = PBXBuildFile; fileRef = 8E2D76B72BEA06E900D40A5D /* FirebaseService.swift */; };
		8E2D76BB2BEA072C00D40A5D /* Authen.swift in Sources */ = {isa = PBXBuildFile; fileRef = 8E2D76BA2BEA072C00D40A5D /* Authen.swift */; };
		8E2D76BE2BEA086B00D40A5D /* InternalUser.swift in Sources */ = {isa = PBXBuildFile; fileRef = 8E2D76BD2BEA086B00D40A5D /* InternalUser.swift */; };
		8E2D76C02BEA0B3700D40A5D /* HomeScreen.swift in Sources */ = {isa = PBXBuildFile; fileRef = 8E2D76BF2BEA0B3700D40A5D /* HomeScreen.swift */; };
		8E2D76C22BEA0CCC00D40A5D /* AuthenState.swift in Sources */ = {isa = PBXBuildFile; fileRef = 8E2D76C12BEA0CCC00D40A5D /* AuthenState.swift */; };
		8E2D76C42BEA0D3B00D40A5D /* InternalError.swift in Sources */ = {isa = PBXBuildFile; fileRef = 8E2D76C32BEA0D3B00D40A5D /* InternalError.swift */; };
		8E2D76C62BEA155A00D40A5D /* FirebaseFirestore in Frameworks */ = {isa = PBXBuildFile; productRef = 8E2D76C52BEA155A00D40A5D /* FirebaseFirestore */; };
		8E2D76C82BEA155A00D40A5D /* FirebaseFirestoreCombine-Community in Frameworks */ = {isa = PBXBuildFile; productRef = 8E2D76C72BEA155A00D40A5D /* FirebaseFirestoreCombine-Community */; };
		8E2D76CC2BEA15FD00D40A5D /* FirebaseDatabase in Frameworks */ = {isa = PBXBuildFile; productRef = 8E2D76CB2BEA15FD00D40A5D /* FirebaseDatabase */; };
		8E2D76D02BEA358B00D40A5D /* Notes.swift in Sources */ = {isa = PBXBuildFile; fileRef = 8E2D76CF2BEA358B00D40A5D /* Notes.swift */; };
		8E2D76D22BEA4F3F00D40A5D /* Text.swift in Sources */ = {isa = PBXBuildFile; fileRef = 8E2D76D12BEA4F3F00D40A5D /* Text.swift */; };
		8E2D76D42BEA510B00D40A5D /* DataState.swift in Sources */ = {isa = PBXBuildFile; fileRef = 8E2D76D32BEA510B00D40A5D /* DataState.swift */; };
		8E2D76D62BEA512600D40A5D /* AddNote.swift in Sources */ = {isa = PBXBuildFile; fileRef = 8E2D76D52BEA512600D40A5D /* AddNote.swift */; };
		8E2D76DA2BEA552800D40A5D /* Note.swift in Sources */ = {isa = PBXBuildFile; fileRef = 8E2D76D92BEA552800D40A5D /* Note.swift */; };
		8E2D76DC2BEA654F00D40A5D /* Button.swift in Sources */ = {isa = PBXBuildFile; fileRef = 8E2D76DB2BEA654F00D40A5D /* Button.swift */; };
		8E5A409E2BEA7BA80029913B /* NoteView.swift in Sources */ = {isa = PBXBuildFile; fileRef = 8E5A409D2BEA7BA80029913B /* NoteView.swift */; };
		8E5A40A02BEA7BD60029913B /* DeleteNote.swift in Sources */ = {isa = PBXBuildFile; fileRef = 8E5A409F2BEA7BD60029913B /* DeleteNote.swift */; };
		8E5A40A22BEA7C110029913B /* AddNoteBottomSheet.swift in Sources */ = {isa = PBXBuildFile; fileRef = 8E5A40A12BEA7C110029913B /* AddNoteBottomSheet.swift */; };
/* End PBXBuildFile section */

/* Begin PBXContainerItemProxy section */
		8E2D768C2BE939BF00D40A5D /* PBXContainerItemProxy */ = {
			isa = PBXContainerItemProxy;
			containerPortal = 8E2D76712BE939BE00D40A5D /* Project object */;
			proxyType = 1;
			remoteGlobalIDString = 8E2D76782BE939BE00D40A5D;
			remoteInfo = TodoApp;
		};
		8E2D76962BE939BF00D40A5D /* PBXContainerItemProxy */ = {
			isa = PBXContainerItemProxy;
			containerPortal = 8E2D76712BE939BE00D40A5D /* Project object */;
			proxyType = 1;
			remoteGlobalIDString = 8E2D76782BE939BE00D40A5D;
			remoteInfo = TodoApp;
		};
/* End PBXContainerItemProxy section */

/* Begin PBXFileReference section */
		8E2D76792BE939BE00D40A5D /* TodoApp.app */ = {isa = PBXFileReference; explicitFileType = wrapper.application; includeInIndex = 0; path = TodoApp.app; sourceTree = BUILT_PRODUCTS_DIR; };
		8E2D767C2BE939BE00D40A5D /* TodoAppApp.swift */ = {isa = PBXFileReference; lastKnownFileType = sourcecode.swift; path = TodoAppApp.swift; sourceTree = "<group>"; };
		8E2D76802BE939BE00D40A5D /* Item.swift */ = {isa = PBXFileReference; lastKnownFileType = sourcecode.swift; path = Item.swift; sourceTree = "<group>"; };
		8E2D76822BE939BF00D40A5D /* Assets.xcassets */ = {isa = PBXFileReference; lastKnownFileType = folder.assetcatalog; path = Assets.xcassets; sourceTree = "<group>"; };
		8E2D76852BE939BF00D40A5D /* Preview Assets.xcassets */ = {isa = PBXFileReference; lastKnownFileType = folder.assetcatalog; path = "Preview Assets.xcassets"; sourceTree = "<group>"; };
		8E2D768B2BE939BF00D40A5D /* TodoAppTests.xctest */ = {isa = PBXFileReference; explicitFileType = wrapper.cfbundle; includeInIndex = 0; path = TodoAppTests.xctest; sourceTree = BUILT_PRODUCTS_DIR; };
		8E2D768F2BE939BF00D40A5D /* TodoAppTests.swift */ = {isa = PBXFileReference; lastKnownFileType = sourcecode.swift; path = TodoAppTests.swift; sourceTree = "<group>"; };
		8E2D76952BE939BF00D40A5D /* TodoAppUITests.xctest */ = {isa = PBXFileReference; explicitFileType = wrapper.cfbundle; includeInIndex = 0; path = TodoAppUITests.xctest; sourceTree = BUILT_PRODUCTS_DIR; };
		8E2D76992BE939BF00D40A5D /* TodoAppUITests.swift */ = {isa = PBXFileReference; lastKnownFileType = sourcecode.swift; path = TodoAppUITests.swift; sourceTree = "<group>"; };
		8E2D769B2BE939BF00D40A5D /* TodoAppUITestsLaunchTests.swift */ = {isa = PBXFileReference; lastKnownFileType = sourcecode.swift; path = TodoAppUITestsLaunchTests.swift; sourceTree = "<group>"; };
		8E2D76A82BE9F11400D40A5D /* GoogleService-Info.plist */ = {isa = PBXFileReference; fileEncoding = 4; lastKnownFileType = text.plist.xml; path = "GoogleService-Info.plist"; sourceTree = "<group>"; };
		8E2D76AF2BE9F72000D40A5D /* MainView.swift */ = {isa = PBXFileReference; lastKnownFileType = sourcecode.swift; path = MainView.swift; sourceTree = "<group>"; };
		8E2D76B12BE9F78400D40A5D /* AuthenScreen.swift */ = {isa = PBXFileReference; lastKnownFileType = sourcecode.swift; path = AuthenScreen.swift; sourceTree = "<group>"; };
		8E2D76B72BEA06E900D40A5D /* FirebaseService.swift */ = {isa = PBXFileReference; lastKnownFileType = sourcecode.swift; path = FirebaseService.swift; sourceTree = "<group>"; };
		8E2D76BA2BEA072C00D40A5D /* Authen.swift */ = {isa = PBXFileReference; lastKnownFileType = sourcecode.swift; path = Authen.swift; sourceTree = "<group>"; };
		8E2D76BD2BEA086B00D40A5D /* InternalUser.swift */ = {isa = PBXFileReference; lastKnownFileType = sourcecode.swift; path = InternalUser.swift; sourceTree = "<group>"; };
		8E2D76BF2BEA0B3700D40A5D /* HomeScreen.swift */ = {isa = PBXFileReference; lastKnownFileType = sourcecode.swift; path = HomeScreen.swift; sourceTree = "<group>"; };
		8E2D76C12BEA0CCC00D40A5D /* AuthenState.swift */ = {isa = PBXFileReference; lastKnownFileType = sourcecode.swift; path = AuthenState.swift; sourceTree = "<group>"; };
		8E2D76C32BEA0D3B00D40A5D /* InternalError.swift */ = {isa = PBXFileReference; lastKnownFileType = sourcecode.swift; path = InternalError.swift; sourceTree = "<group>"; };
		8E2D76CF2BEA358B00D40A5D /* Notes.swift */ = {isa = PBXFileReference; lastKnownFileType = sourcecode.swift; path = Notes.swift; sourceTree = "<group>"; };
		8E2D76D12BEA4F3F00D40A5D /* Text.swift */ = {isa = PBXFileReference; lastKnownFileType = sourcecode.swift; path = Text.swift; sourceTree = "<group>"; };
		8E2D76D32BEA510B00D40A5D /* DataState.swift */ = {isa = PBXFileReference; lastKnownFileType = sourcecode.swift; path = DataState.swift; sourceTree = "<group>"; };
		8E2D76D52BEA512600D40A5D /* AddNote.swift */ = {isa = PBXFileReference; lastKnownFileType = sourcecode.swift; path = AddNote.swift; sourceTree = "<group>"; };
		8E2D76D92BEA552800D40A5D /* Note.swift */ = {isa = PBXFileReference; lastKnownFileType = sourcecode.swift; path = Note.swift; sourceTree = "<group>"; };
		8E2D76DB2BEA654F00D40A5D /* Button.swift */ = {isa = PBXFileReference; lastKnownFileType = sourcecode.swift; path = Button.swift; sourceTree = "<group>"; };
		8E5A409D2BEA7BA80029913B /* NoteView.swift */ = {isa = PBXFileReference; lastKnownFileType = sourcecode.swift; path = NoteView.swift; sourceTree = "<group>"; };
		8E5A409F2BEA7BD60029913B /* DeleteNote.swift */ = {isa = PBXFileReference; lastKnownFileType = sourcecode.swift; path = DeleteNote.swift; sourceTree = "<group>"; };
		8E5A40A12BEA7C110029913B /* AddNoteBottomSheet.swift */ = {isa = PBXFileReference; lastKnownFileType = sourcecode.swift; path = AddNoteBottomSheet.swift; sourceTree = "<group>"; };
/* End PBXFileReference section */

/* Begin PBXFrameworksBuildPhase section */
		8E2D76762BE939BE00D40A5D /* Frameworks */ = {
			isa = PBXFrameworksBuildPhase;
			buildActionMask = 2147483647;
			files = (
				8E2D76C82BEA155A00D40A5D /* FirebaseFirestoreCombine-Community in Frameworks */,
				8E2D76AD2BE9F3EC00D40A5D /* FirebaseAuth in Frameworks */,
				8E2D76CC2BEA15FD00D40A5D /* FirebaseDatabase in Frameworks */,
				8E2D76C62BEA155A00D40A5D /* FirebaseFirestore in Frameworks */,
			);
			runOnlyForDeploymentPostprocessing = 0;
		};
		8E2D76882BE939BF00D40A5D /* Frameworks */ = {
			isa = PBXFrameworksBuildPhase;
			buildActionMask = 2147483647;
			files = (
			);
			runOnlyForDeploymentPostprocessing = 0;
		};
		8E2D76922BE939BF00D40A5D /* Frameworks */ = {
			isa = PBXFrameworksBuildPhase;
			buildActionMask = 2147483647;
			files = (
			);
			runOnlyForDeploymentPostprocessing = 0;
		};
/* End PBXFrameworksBuildPhase section */

/* Begin PBXGroup section */
		8E2D76702BE939BE00D40A5D = {
			isa = PBXGroup;
			children = (
				8E2D767B2BE939BE00D40A5D /* TodoApp */,
				8E2D768E2BE939BF00D40A5D /* TodoAppTests */,
				8E2D76982BE939BF00D40A5D /* TodoAppUITests */,
				8E2D767A2BE939BE00D40A5D /* Products */,
				8E2D76AB2BE9F3EC00D40A5D /* Frameworks */,
			);
			sourceTree = "<group>";
		};
		8E2D767A2BE939BE00D40A5D /* Products */ = {
			isa = PBXGroup;
			children = (
				8E2D76792BE939BE00D40A5D /* TodoApp.app */,
				8E2D768B2BE939BF00D40A5D /* TodoAppTests.xctest */,
				8E2D76952BE939BF00D40A5D /* TodoAppUITests.xctest */,
			);
			name = Products;
			sourceTree = "<group>";
		};
		8E2D767B2BE939BE00D40A5D /* TodoApp */ = {
			isa = PBXGroup;
			children = (
				8E2D76BC2BEA084900D40A5D /* models */,
				8E2D76B92BEA071100D40A5D /* services */,
				8E2D76B62BEA06DB00D40A5D /* logics */,
				8E2D76B32BE9F8A300D40A5D /* views */,
				8E2D76AE2BE9F6F600D40A5D /* screens */,
				8E2D76A82BE9F11400D40A5D /* GoogleService-Info.plist */,
				8E2D767C2BE939BE00D40A5D /* TodoAppApp.swift */,
				8E2D76802BE939BE00D40A5D /* Item.swift */,
				8E2D76822BE939BF00D40A5D /* Assets.xcassets */,
				8E2D76842BE939BF00D40A5D /* Preview Content */,
				8E2D76AF2BE9F72000D40A5D /* MainView.swift */,
			);
			path = TodoApp;
			sourceTree = "<group>";
		};
		8E2D76842BE939BF00D40A5D /* Preview Content */ = {
			isa = PBXGroup;
			children = (
				8E2D76852BE939BF00D40A5D /* Preview Assets.xcassets */,
			);
			path = "Preview Content";
			sourceTree = "<group>";
		};
		8E2D768E2BE939BF00D40A5D /* TodoAppTests */ = {
			isa = PBXGroup;
			children = (
				8E2D768F2BE939BF00D40A5D /* TodoAppTests.swift */,
			);
			path = TodoAppTests;
			sourceTree = "<group>";
		};
		8E2D76982BE939BF00D40A5D /* TodoAppUITests */ = {
			isa = PBXGroup;
			children = (
				8E2D76992BE939BF00D40A5D /* TodoAppUITests.swift */,
				8E2D769B2BE939BF00D40A5D /* TodoAppUITestsLaunchTests.swift */,
			);
			path = TodoAppUITests;
			sourceTree = "<group>";
		};
		8E2D76AB2BE9F3EC00D40A5D /* Frameworks */ = {
			isa = PBXGroup;
			children = (
			);
			name = Frameworks;
			sourceTree = "<group>";
		};
		8E2D76AE2BE9F6F600D40A5D /* screens */ = {
			isa = PBXGroup;
			children = (
				8E5A409C2BEA7B8B0029913B /* homeScreen */,
				8E2D76B12BE9F78400D40A5D /* AuthenScreen.swift */,
			);
			path = screens;
			sourceTree = "<group>";
		};
		8E2D76B32BE9F8A300D40A5D /* views */ = {
			isa = PBXGroup;
			children = (
				8E2D76D12BEA4F3F00D40A5D /* Text.swift */,
				8E2D76DB2BEA654F00D40A5D /* Button.swift */,
			);
			path = views;
			sourceTree = "<group>";
		};
		8E2D76B62BEA06DB00D40A5D /* logics */ = {
			isa = PBXGroup;
			children = (
				8E2D76BA2BEA072C00D40A5D /* Authen.swift */,
				8E2D76CF2BEA358B00D40A5D /* Notes.swift */,
				8E2D76D52BEA512600D40A5D /* AddNote.swift */,
				8E5A409F2BEA7BD60029913B /* DeleteNote.swift */,
			);
			path = logics;
			sourceTree = "<group>";
		};
		8E2D76B92BEA071100D40A5D /* services */ = {
			isa = PBXGroup;
			children = (
				8E2D76B72BEA06E900D40A5D /* FirebaseService.swift */,
			);
			path = services;
			sourceTree = "<group>";
		};
		8E2D76BC2BEA084900D40A5D /* models */ = {
			isa = PBXGroup;
			children = (
				8E2D76BD2BEA086B00D40A5D /* InternalUser.swift */,
				8E2D76C12BEA0CCC00D40A5D /* AuthenState.swift */,
				8E2D76C32BEA0D3B00D40A5D /* InternalError.swift */,
				8E2D76D32BEA510B00D40A5D /* DataState.swift */,
				8E2D76D92BEA552800D40A5D /* Note.swift */,
			);
			path = models;
			sourceTree = "<group>";
		};
		8E5A409C2BEA7B8B0029913B /* homeScreen */ = {
			isa = PBXGroup;
			children = (
				8E2D76BF2BEA0B3700D40A5D /* HomeScreen.swift */,
				8E5A409D2BEA7BA80029913B /* NoteView.swift */,
				8E5A40A12BEA7C110029913B /* AddNoteBottomSheet.swift */,
			);
			path = homeScreen;
			sourceTree = "<group>";
		};
/* End PBXGroup section */

/* Begin PBXNativeTarget section */
		8E2D76782BE939BE00D40A5D /* TodoApp */ = {
			isa = PBXNativeTarget;
			buildConfigurationList = 8E2D769F2BE939BF00D40A5D /* Build configuration list for PBXNativeTarget "TodoApp" */;
			buildPhases = (
				8E2D76752BE939BE00D40A5D /* Sources */,
				8E2D76762BE939BE00D40A5D /* Frameworks */,
				8E2D76772BE939BE00D40A5D /* Resources */,
			);
			buildRules = (
			);
			dependencies = (
			);
			name = TodoApp;
			packageProductDependencies = (
				8E2D76AC2BE9F3EC00D40A5D /* FirebaseAuth */,
				8E2D76C52BEA155A00D40A5D /* FirebaseFirestore */,
				8E2D76C72BEA155A00D40A5D /* FirebaseFirestoreCombine-Community */,
				8E2D76CB2BEA15FD00D40A5D /* FirebaseDatabase */,
			);
			productName = TodoApp;
			productReference = 8E2D76792BE939BE00D40A5D /* TodoApp.app */;
			productType = "com.apple.product-type.application";
		};
		8E2D768A2BE939BF00D40A5D /* TodoAppTests */ = {
			isa = PBXNativeTarget;
			buildConfigurationList = 8E2D76A22BE939BF00D40A5D /* Build configuration list for PBXNativeTarget "TodoAppTests" */;
			buildPhases = (
				8E2D76872BE939BF00D40A5D /* Sources */,
				8E2D76882BE939BF00D40A5D /* Frameworks */,
				8E2D76892BE939BF00D40A5D /* Resources */,
			);
			buildRules = (
			);
			dependencies = (
				8E2D768D2BE939BF00D40A5D /* PBXTargetDependency */,
			);
			name = TodoAppTests;
			productName = TodoAppTests;
			productReference = 8E2D768B2BE939BF00D40A5D /* TodoAppTests.xctest */;
			productType = "com.apple.product-type.bundle.unit-test";
		};
		8E2D76942BE939BF00D40A5D /* TodoAppUITests */ = {
			isa = PBXNativeTarget;
			buildConfigurationList = 8E2D76A52BE939BF00D40A5D /* Build configuration list for PBXNativeTarget "TodoAppUITests" */;
			buildPhases = (
				8E2D76912BE939BF00D40A5D /* Sources */,
				8E2D76922BE939BF00D40A5D /* Frameworks */,
				8E2D76932BE939BF00D40A5D /* Resources */,
			);
			buildRules = (
			);
			dependencies = (
				8E2D76972BE939BF00D40A5D /* PBXTargetDependency */,
			);
			name = TodoAppUITests;
			productName = TodoAppUITests;
			productReference = 8E2D76952BE939BF00D40A5D /* TodoAppUITests.xctest */;
			productType = "com.apple.product-type.bundle.ui-testing";
		};
/* End PBXNativeTarget section */

/* Begin PBXProject section */
		8E2D76712BE939BE00D40A5D /* Project object */ = {
			isa = PBXProject;
			attributes = {
				BuildIndependentTargetsInParallel = 1;
				LastSwiftUpdateCheck = 1510;
				LastUpgradeCheck = 1510;
				TargetAttributes = {
					8E2D76782BE939BE00D40A5D = {
						CreatedOnToolsVersion = 15.1;
					};
					8E2D768A2BE939BF00D40A5D = {
						CreatedOnToolsVersion = 15.1;
						TestTargetID = 8E2D76782BE939BE00D40A5D;
					};
					8E2D76942BE939BF00D40A5D = {
						CreatedOnToolsVersion = 15.1;
						TestTargetID = 8E2D76782BE939BE00D40A5D;
					};
				};
			};
			buildConfigurationList = 8E2D76742BE939BE00D40A5D /* Build configuration list for PBXProject "TodoApp" */;
			compatibilityVersion = "Xcode 14.0";
			developmentRegion = en;
			hasScannedForEncodings = 0;
			knownRegions = (
				en,
				Base,
			);
			mainGroup = 8E2D76702BE939BE00D40A5D;
			packageReferences = (
				8E2D76AA2BE9F1CA00D40A5D /* XCRemoteSwiftPackageReference "firebase-ios-sdk" */,
			);
			productRefGroup = 8E2D767A2BE939BE00D40A5D /* Products */;
			projectDirPath = "";
			projectRoot = "";
			targets = (
				8E2D76782BE939BE00D40A5D /* TodoApp */,
				8E2D768A2BE939BF00D40A5D /* TodoAppTests */,
				8E2D76942BE939BF00D40A5D /* TodoAppUITests */,
			);
		};
/* End PBXProject section */

/* Begin PBXResourcesBuildPhase section */
		8E2D76772BE939BE00D40A5D /* Resources */ = {
			isa = PBXResourcesBuildPhase;
			buildActionMask = 2147483647;
			files = (
				8E2D76862BE939BF00D40A5D /* Preview Assets.xcassets in Resources */,
				8E2D76832BE939BF00D40A5D /* Assets.xcassets in Resources */,
				8E2D76A92BE9F11400D40A5D /* GoogleService-Info.plist in Resources */,
			);
			runOnlyForDeploymentPostprocessing = 0;
		};
		8E2D76892BE939BF00D40A5D /* Resources */ = {
			isa = PBXResourcesBuildPhase;
			buildActionMask = 2147483647;
			files = (
			);
			runOnlyForDeploymentPostprocessing = 0;
		};
		8E2D76932BE939BF00D40A5D /* Resources */ = {
			isa = PBXResourcesBuildPhase;
			buildActionMask = 2147483647;
			files = (
			);
			runOnlyForDeploymentPostprocessing = 0;
		};
/* End PBXResourcesBuildPhase section */

/* Begin PBXSourcesBuildPhase section */
		8E2D76752BE939BE00D40A5D /* Sources */ = {
			isa = PBXSourcesBuildPhase;
			buildActionMask = 2147483647;
			files = (
				8E2D76C22BEA0CCC00D40A5D /* AuthenState.swift in Sources */,
				8E2D76B02BE9F72000D40A5D /* MainView.swift in Sources */,
				8E2D76B22BE9F78400D40A5D /* AuthenScreen.swift in Sources */,
				8E2D76812BE939BE00D40A5D /* Item.swift in Sources */,
				8E5A40A02BEA7BD60029913B /* DeleteNote.swift in Sources */,
				8E2D76BE2BEA086B00D40A5D /* InternalUser.swift in Sources */,
				8E2D76C02BEA0B3700D40A5D /* HomeScreen.swift in Sources */,
				8E2D76C42BEA0D3B00D40A5D /* InternalError.swift in Sources */,
				8E2D76D22BEA4F3F00D40A5D /* Text.swift in Sources */,
				8E2D76D42BEA510B00D40A5D /* DataState.swift in Sources */,
				8E2D76D62BEA512600D40A5D /* AddNote.swift in Sources */,
				8E2D76DA2BEA552800D40A5D /* Note.swift in Sources */,
				8E2D76BB2BEA072C00D40A5D /* Authen.swift in Sources */,
				8E5A40A22BEA7C110029913B /* AddNoteBottomSheet.swift in Sources */,
				8E5A409E2BEA7BA80029913B /* NoteView.swift in Sources */,
				8E2D76B82BEA06E900D40A5D /* FirebaseService.swift in Sources */,
				8E2D767D2BE939BE00D40A5D /* TodoAppApp.swift in Sources */,
				8E2D76D02BEA358B00D40A5D /* Notes.swift in Sources */,
				8E2D76DC2BEA654F00D40A5D /* Button.swift in Sources */,
			);
			runOnlyForDeploymentPostprocessing = 0;
		};
		8E2D76872BE939BF00D40A5D /* Sources */ = {
			isa = PBXSourcesBuildPhase;
			buildActionMask = 2147483647;
			files = (
				8E2D76902BE939BF00D40A5D /* TodoAppTests.swift in Sources */,
			);
			runOnlyForDeploymentPostprocessing = 0;
		};
		8E2D76912BE939BF00D40A5D /* Sources */ = {
			isa = PBXSourcesBuildPhase;
			buildActionMask = 2147483647;
			files = (
				8E2D769C2BE939BF00D40A5D /* TodoAppUITestsLaunchTests.swift in Sources */,
				8E2D769A2BE939BF00D40A5D /* TodoAppUITests.swift in Sources */,
			);
			runOnlyForDeploymentPostprocessing = 0;
		};
/* End PBXSourcesBuildPhase section */

/* Begin PBXTargetDependency section */
		8E2D768D2BE939BF00D40A5D /* PBXTargetDependency */ = {
			isa = PBXTargetDependency;
			target = 8E2D76782BE939BE00D40A5D /* TodoApp */;
			targetProxy = 8E2D768C2BE939BF00D40A5D /* PBXContainerItemProxy */;
		};
		8E2D76972BE939BF00D40A5D /* PBXTargetDependency */ = {
			isa = PBXTargetDependency;
			target = 8E2D76782BE939BE00D40A5D /* TodoApp */;
			targetProxy = 8E2D76962BE939BF00D40A5D /* PBXContainerItemProxy */;
		};
/* End PBXTargetDependency section */

/* Begin XCBuildConfiguration section */
		8E2D769D2BE939BF00D40A5D /* Debug */ = {
			isa = XCBuildConfiguration;
			buildSettings = {
				ALWAYS_SEARCH_USER_PATHS = NO;
				ASSETCATALOG_COMPILER_GENERATE_SWIFT_ASSET_SYMBOL_EXTENSIONS = YES;
				CLANG_ANALYZER_NONNULL = YES;
				CLANG_ANALYZER_NUMBER_OBJECT_CONVERSION = YES_AGGRESSIVE;
				CLANG_CXX_LANGUAGE_STANDARD = "gnu++20";
				CLANG_ENABLE_MODULES = YES;
				CLANG_ENABLE_OBJC_ARC = YES;
				CLANG_ENABLE_OBJC_WEAK = YES;
				CLANG_WARN_BLOCK_CAPTURE_AUTORELEASING = YES;
				CLANG_WARN_BOOL_CONVERSION = YES;
				CLANG_WARN_COMMA = YES;
				CLANG_WARN_CONSTANT_CONVERSION = YES;
				CLANG_WARN_DEPRECATED_OBJC_IMPLEMENTATIONS = YES;
				CLANG_WARN_DIRECT_OBJC_ISA_USAGE = YES_ERROR;
				CLANG_WARN_DOCUMENTATION_COMMENTS = YES;
				CLANG_WARN_EMPTY_BODY = YES;
				CLANG_WARN_ENUM_CONVERSION = YES;
				CLANG_WARN_INFINITE_RECURSION = YES;
				CLANG_WARN_INT_CONVERSION = YES;
				CLANG_WARN_NON_LITERAL_NULL_CONVERSION = YES;
				CLANG_WARN_OBJC_IMPLICIT_RETAIN_SELF = YES;
				CLANG_WARN_OBJC_LITERAL_CONVERSION = YES;
				CLANG_WARN_OBJC_ROOT_CLASS = YES_ERROR;
				CLANG_WARN_QUOTED_INCLUDE_IN_FRAMEWORK_HEADER = YES;
				CLANG_WARN_RANGE_LOOP_ANALYSIS = YES;
				CLANG_WARN_STRICT_PROTOTYPES = YES;
				CLANG_WARN_SUSPICIOUS_MOVE = YES;
				CLANG_WARN_UNGUARDED_AVAILABILITY = YES_AGGRESSIVE;
				CLANG_WARN_UNREACHABLE_CODE = YES;
				CLANG_WARN__DUPLICATE_METHOD_MATCH = YES;
				COPY_PHASE_STRIP = NO;
				DEBUG_INFORMATION_FORMAT = dwarf;
				ENABLE_STRICT_OBJC_MSGSEND = YES;
				ENABLE_TESTABILITY = YES;
				ENABLE_USER_SCRIPT_SANDBOXING = YES;
				GCC_C_LANGUAGE_STANDARD = gnu17;
				GCC_DYNAMIC_NO_PIC = NO;
				GCC_NO_COMMON_BLOCKS = YES;
				GCC_OPTIMIZATION_LEVEL = 0;
				GCC_PREPROCESSOR_DEFINITIONS = (
					"DEBUG=1",
					"$(inherited)",
				);
				GCC_WARN_64_TO_32_BIT_CONVERSION = YES;
				GCC_WARN_ABOUT_RETURN_TYPE = YES_ERROR;
				GCC_WARN_UNDECLARED_SELECTOR = YES;
				GCC_WARN_UNINITIALIZED_AUTOS = YES_AGGRESSIVE;
				GCC_WARN_UNUSED_FUNCTION = YES;
				GCC_WARN_UNUSED_VARIABLE = YES;
				IPHONEOS_DEPLOYMENT_TARGET = 17.2;
				LOCALIZATION_PREFERS_STRING_CATALOGS = YES;
				MTL_ENABLE_DEBUG_INFO = INCLUDE_SOURCE;
				MTL_FAST_MATH = YES;
				ONLY_ACTIVE_ARCH = YES;
				SDKROOT = iphoneos;
				SWIFT_ACTIVE_COMPILATION_CONDITIONS = "DEBUG $(inherited)";
				SWIFT_OPTIMIZATION_LEVEL = "-Onone";
			};
			name = Debug;
		};
		8E2D769E2BE939BF00D40A5D /* Release */ = {
			isa = XCBuildConfiguration;
			buildSettings = {
				ALWAYS_SEARCH_USER_PATHS = NO;
				ASSETCATALOG_COMPILER_GENERATE_SWIFT_ASSET_SYMBOL_EXTENSIONS = YES;
				CLANG_ANALYZER_NONNULL = YES;
				CLANG_ANALYZER_NUMBER_OBJECT_CONVERSION = YES_AGGRESSIVE;
				CLANG_CXX_LANGUAGE_STANDARD = "gnu++20";
				CLANG_ENABLE_MODULES = YES;
				CLANG_ENABLE_OBJC_ARC = YES;
				CLANG_ENABLE_OBJC_WEAK = YES;
				CLANG_WARN_BLOCK_CAPTURE_AUTORELEASING = YES;
				CLANG_WARN_BOOL_CONVERSION = YES;
				CLANG_WARN_COMMA = YES;
				CLANG_WARN_CONSTANT_CONVERSION = YES;
				CLANG_WARN_DEPRECATED_OBJC_IMPLEMENTATIONS = YES;
				CLANG_WARN_DIRECT_OBJC_ISA_USAGE = YES_ERROR;
				CLANG_WARN_DOCUMENTATION_COMMENTS = YES;
				CLANG_WARN_EMPTY_BODY = YES;
				CLANG_WARN_ENUM_CONVERSION = YES;
				CLANG_WARN_INFINITE_RECURSION = YES;
				CLANG_WARN_INT_CONVERSION = YES;
				CLANG_WARN_NON_LITERAL_NULL_CONVERSION = YES;
				CLANG_WARN_OBJC_IMPLICIT_RETAIN_SELF = YES;
				CLANG_WARN_OBJC_LITERAL_CONVERSION = YES;
				CLANG_WARN_OBJC_ROOT_CLASS = YES_ERROR;
				CLANG_WARN_QUOTED_INCLUDE_IN_FRAMEWORK_HEADER = YES;
				CLANG_WARN_RANGE_LOOP_ANALYSIS = YES;
				CLANG_WARN_STRICT_PROTOTYPES = YES;
				CLANG_WARN_SUSPICIOUS_MOVE = YES;
				CLANG_WARN_UNGUARDED_AVAILABILITY = YES_AGGRESSIVE;
				CLANG_WARN_UNREACHABLE_CODE = YES;
				CLANG_WARN__DUPLICATE_METHOD_MATCH = YES;
				COPY_PHASE_STRIP = NO;
				DEBUG_INFORMATION_FORMAT = "dwarf-with-dsym";
				ENABLE_NS_ASSERTIONS = NO;
				ENABLE_STRICT_OBJC_MSGSEND = YES;
				ENABLE_USER_SCRIPT_SANDBOXING = YES;
				GCC_C_LANGUAGE_STANDARD = gnu17;
				GCC_NO_COMMON_BLOCKS = YES;
				GCC_WARN_64_TO_32_BIT_CONVERSION = YES;
				GCC_WARN_ABOUT_RETURN_TYPE = YES_ERROR;
				GCC_WARN_UNDECLARED_SELECTOR = YES;
				GCC_WARN_UNINITIALIZED_AUTOS = YES_AGGRESSIVE;
				GCC_WARN_UNUSED_FUNCTION = YES;
				GCC_WARN_UNUSED_VARIABLE = YES;
				IPHONEOS_DEPLOYMENT_TARGET = 17.2;
				LOCALIZATION_PREFERS_STRING_CATALOGS = YES;
				MTL_ENABLE_DEBUG_INFO = NO;
				MTL_FAST_MATH = YES;
				SDKROOT = iphoneos;
				SWIFT_COMPILATION_MODE = wholemodule;
				VALIDATE_PRODUCT = YES;
			};
			name = Release;
		};
		8E2D76A02BE939BF00D40A5D /* Debug */ = {
			isa = XCBuildConfiguration;
			buildSettings = {
				ASSETCATALOG_COMPILER_APPICON_NAME = AppIcon;
				ASSETCATALOG_COMPILER_GLOBAL_ACCENT_COLOR_NAME = AccentColor;
				CODE_SIGN_STYLE = Automatic;
				CURRENT_PROJECT_VERSION = 1;
				DEVELOPMENT_ASSET_PATHS = "\"TodoApp/Preview Content\"";
				DEVELOPMENT_TEAM = F2BVVCEN5S;
				ENABLE_PREVIEWS = YES;
				GENERATE_INFOPLIST_FILE = YES;
				INFOPLIST_KEY_CFBundleDisplayName = "[An Nguyen] Notes";
				INFOPLIST_KEY_UIApplicationSceneManifest_Generation = YES;
				INFOPLIST_KEY_UIApplicationSupportsIndirectInputEvents = YES;
				INFOPLIST_KEY_UILaunchScreen_Generation = YES;
				INFOPLIST_KEY_UISupportedInterfaceOrientations_iPad = "UIInterfaceOrientationPortrait UIInterfaceOrientationPortraitUpsideDown UIInterfaceOrientationLandscapeLeft UIInterfaceOrientationLandscapeRight";
				INFOPLIST_KEY_UISupportedInterfaceOrientations_iPhone = "UIInterfaceOrientationPortrait UIInterfaceOrientationLandscapeLeft UIInterfaceOrientationLandscapeRight";
				LD_RUNPATH_SEARCH_PATHS = (
					"$(inherited)",
					"@executable_path/Frameworks",
				);
				MARKETING_VERSION = 1.0;
				PRODUCT_BUNDLE_IDENTIFIER = com.annguyen.dev.TodoApp;
				PRODUCT_NAME = "$(TARGET_NAME)";
				SWIFT_EMIT_LOC_STRINGS = YES;
				SWIFT_VERSION = 5.0;
				TARGETED_DEVICE_FAMILY = "1,2";
			};
			name = Debug;
		};
		8E2D76A12BE939BF00D40A5D /* Release */ = {
			isa = XCBuildConfiguration;
			buildSettings = {
				ASSETCATALOG_COMPILER_APPICON_NAME = AppIcon;
				ASSETCATALOG_COMPILER_GLOBAL_ACCENT_COLOR_NAME = AccentColor;
				CODE_SIGN_STYLE = Automatic;
				CURRENT_PROJECT_VERSION = 1;
				DEVELOPMENT_ASSET_PATHS = "\"TodoApp/Preview Content\"";
				DEVELOPMENT_TEAM = F2BVVCEN5S;
				ENABLE_PREVIEWS = YES;
				GENERATE_INFOPLIST_FILE = YES;
				INFOPLIST_KEY_CFBundleDisplayName = "[An Nguyen] Notes";
				INFOPLIST_KEY_UIApplicationSceneManifest_Generation = YES;
				INFOPLIST_KEY_UIApplicationSupportsIndirectInputEvents = YES;
				INFOPLIST_KEY_UILaunchScreen_Generation = YES;
				INFOPLIST_KEY_UISupportedInterfaceOrientations_iPad = "UIInterfaceOrientationPortrait UIInterfaceOrientationPortraitUpsideDown UIInterfaceOrientationLandscapeLeft UIInterfaceOrientationLandscapeRight";
				INFOPLIST_KEY_UISupportedInterfaceOrientations_iPhone = "UIInterfaceOrientationPortrait UIInterfaceOrientationLandscapeLeft UIInterfaceOrientationLandscapeRight";
				LD_RUNPATH_SEARCH_PATHS = (
					"$(inherited)",
					"@executable_path/Frameworks",
				);
				MARKETING_VERSION = 1.0;
				PRODUCT_BUNDLE_IDENTIFIER = com.annguyen.dev.TodoApp;
				PRODUCT_NAME = "$(TARGET_NAME)";
				SWIFT_EMIT_LOC_STRINGS = YES;
				SWIFT_VERSION = 5.0;
				TARGETED_DEVICE_FAMILY = "1,2";
			};
			name = Release;
		};
		8E2D76A32BE939BF00D40A5D /* Debug */ = {
			isa = XCBuildConfiguration;
			buildSettings = {
				ALWAYS_EMBED_SWIFT_STANDARD_LIBRARIES = YES;
				BUNDLE_LOADER = "$(TEST_HOST)";
				CODE_SIGN_STYLE = Automatic;
				CURRENT_PROJECT_VERSION = 1;
				DEVELOPMENT_TEAM = F2BVVCEN5S;
				GENERATE_INFOPLIST_FILE = YES;
				IPHONEOS_DEPLOYMENT_TARGET = 17.2;
				MARKETING_VERSION = 1.0;
				PRODUCT_BUNDLE_IDENTIFIER = com.annguyen.dev.TodoAppTests;
				PRODUCT_NAME = "$(TARGET_NAME)";
				SWIFT_EMIT_LOC_STRINGS = NO;
				SWIFT_VERSION = 5.0;
				TARGETED_DEVICE_FAMILY = "1,2";
				TEST_HOST = "$(BUILT_PRODUCTS_DIR)/TodoApp.app/$(BUNDLE_EXECUTABLE_FOLDER_PATH)/TodoApp";
			};
			name = Debug;
		};
		8E2D76A42BE939BF00D40A5D /* Release */ = {
			isa = XCBuildConfiguration;
			buildSettings = {
				ALWAYS_EMBED_SWIFT_STANDARD_LIBRARIES = YES;
				BUNDLE_LOADER = "$(TEST_HOST)";
				CODE_SIGN_STYLE = Automatic;
				CURRENT_PROJECT_VERSION = 1;
				DEVELOPMENT_TEAM = F2BVVCEN5S;
				GENERATE_INFOPLIST_FILE = YES;
				IPHONEOS_DEPLOYMENT_TARGET = 17.2;
				MARKETING_VERSION = 1.0;
				PRODUCT_BUNDLE_IDENTIFIER = com.annguyen.dev.TodoAppTests;
				PRODUCT_NAME = "$(TARGET_NAME)";
				SWIFT_EMIT_LOC_STRINGS = NO;
				SWIFT_VERSION = 5.0;
				TARGETED_DEVICE_FAMILY = "1,2";
				TEST_HOST = "$(BUILT_PRODUCTS_DIR)/TodoApp.app/$(BUNDLE_EXECUTABLE_FOLDER_PATH)/TodoApp";
			};
			name = Release;
		};
		8E2D76A62BE939BF00D40A5D /* Debug */ = {
			isa = XCBuildConfiguration;
			buildSettings = {
				ALWAYS_EMBED_SWIFT_STANDARD_LIBRARIES = YES;
				CODE_SIGN_STYLE = Automatic;
				CURRENT_PROJECT_VERSION = 1;
				DEVELOPMENT_TEAM = F2BVVCEN5S;
				GENERATE_INFOPLIST_FILE = YES;
				MARKETING_VERSION = 1.0;
				PRODUCT_BUNDLE_IDENTIFIER = com.annguyen.dev.TodoAppUITests;
				PRODUCT_NAME = "$(TARGET_NAME)";
				SWIFT_EMIT_LOC_STRINGS = NO;
				SWIFT_VERSION = 5.0;
				TARGETED_DEVICE_FAMILY = "1,2";
				TEST_TARGET_NAME = TodoApp;
			};
			name = Debug;
		};
		8E2D76A72BE939BF00D40A5D /* Release */ = {
			isa = XCBuildConfiguration;
			buildSettings = {
				ALWAYS_EMBED_SWIFT_STANDARD_LIBRARIES = YES;
				CODE_SIGN_STYLE = Automatic;
				CURRENT_PROJECT_VERSION = 1;
				DEVELOPMENT_TEAM = F2BVVCEN5S;
				GENERATE_INFOPLIST_FILE = YES;
				MARKETING_VERSION = 1.0;
				PRODUCT_BUNDLE_IDENTIFIER = com.annguyen.dev.TodoAppUITests;
				PRODUCT_NAME = "$(TARGET_NAME)";
				SWIFT_EMIT_LOC_STRINGS = NO;
				SWIFT_VERSION = 5.0;
				TARGETED_DEVICE_FAMILY = "1,2";
				TEST_TARGET_NAME = TodoApp;
			};
			name = Release;
		};
/* End XCBuildConfiguration section */

/* Begin XCConfigurationList section */
		8E2D76742BE939BE00D40A5D /* Build configuration list for PBXProject "TodoApp" */ = {
			isa = XCConfigurationList;
			buildConfigurations = (
				8E2D769D2BE939BF00D40A5D /* Debug */,
				8E2D769E2BE939BF00D40A5D /* Release */,
			);
			defaultConfigurationIsVisible = 0;
			defaultConfigurationName = Release;
		};
		8E2D769F2BE939BF00D40A5D /* Build configuration list for PBXNativeTarget "TodoApp" */ = {
			isa = XCConfigurationList;
			buildConfigurations = (
				8E2D76A02BE939BF00D40A5D /* Debug */,
				8E2D76A12BE939BF00D40A5D /* Release */,
			);
			defaultConfigurationIsVisible = 0;
			defaultConfigurationName = Release;
		};
		8E2D76A22BE939BF00D40A5D /* Build configuration list for PBXNativeTarget "TodoAppTests" */ = {
			isa = XCConfigurationList;
			buildConfigurations = (
				8E2D76A32BE939BF00D40A5D /* Debug */,
				8E2D76A42BE939BF00D40A5D /* Release */,
			);
			defaultConfigurationIsVisible = 0;
			defaultConfigurationName = Release;
		};
		8E2D76A52BE939BF00D40A5D /* Build configuration list for PBXNativeTarget "TodoAppUITests" */ = {
			isa = XCConfigurationList;
			buildConfigurations = (
				8E2D76A62BE939BF00D40A5D /* Debug */,
				8E2D76A72BE939BF00D40A5D /* Release */,
			);
			defaultConfigurationIsVisible = 0;
			defaultConfigurationName = Release;
		};
/* End XCConfigurationList section */

/* Begin XCRemoteSwiftPackageReference section */
		8E2D76AA2BE9F1CA00D40A5D /* XCRemoteSwiftPackageReference "firebase-ios-sdk" */ = {
			isa = XCRemoteSwiftPackageReference;
			repositoryURL = "https://github.com/firebase/firebase-ios-sdk";
			requirement = {
				kind = upToNextMajorVersion;
				minimumVersion = 10.25.0;
			};
		};
/* End XCRemoteSwiftPackageReference section */

/* Begin XCSwiftPackageProductDependency section */
		8E2D76AC2BE9F3EC00D40A5D /* FirebaseAuth */ = {
			isa = XCSwiftPackageProductDependency;
			package = 8E2D76AA2BE9F1CA00D40A5D /* XCRemoteSwiftPackageReference "firebase-ios-sdk" */;
			productName = FirebaseAuth;
		};
		8E2D76C52BEA155A00D40A5D /* FirebaseFirestore */ = {
			isa = XCSwiftPackageProductDependency;
			package = 8E2D76AA2BE9F1CA00D40A5D /* XCRemoteSwiftPackageReference "firebase-ios-sdk" */;
			productName = FirebaseFirestore;
		};
		8E2D76C72BEA155A00D40A5D /* FirebaseFirestoreCombine-Community */ = {
			isa = XCSwiftPackageProductDependency;
			package = 8E2D76AA2BE9F1CA00D40A5D /* XCRemoteSwiftPackageReference "firebase-ios-sdk" */;
			productName = "FirebaseFirestoreCombine-Community";
		};
		8E2D76CB2BEA15FD00D40A5D /* FirebaseDatabase */ = {
			isa = XCSwiftPackageProductDependency;
			package = 8E2D76AA2BE9F1CA00D40A5D /* XCRemoteSwiftPackageReference "firebase-ios-sdk" */;
			productName = FirebaseDatabase;
		};
/* End XCSwiftPackageProductDependency section */
	};
	rootObject = 8E2D76712BE939BE00D40A5D /* Project object */;
}
